// !$*UTF8*$!
{
	archiveVersion = 1;
	classes = {
	};
	objectVersion = 55;
	objects = {

/* Begin PBXBuildFile section */
		BD506A0128AD30F300AAA7CE /* AppDelegate.swift in Sources */ = {isa = PBXBuildFile; fileRef = BD506A0028AD30F300AAA7CE /* AppDelegate.swift */; };
		BD506A0328AD30F300AAA7CE /* SceneDelegate.swift in Sources */ = {isa = PBXBuildFile; fileRef = BD506A0228AD30F300AAA7CE /* SceneDelegate.swift */; };
		BD506A0528AD30F300AAA7CE /* ViewController.swift in Sources */ = {isa = PBXBuildFile; fileRef = BD506A0428AD30F300AAA7CE /* ViewController.swift */; };
		BD506A0828AD30F300AAA7CE /* Main.storyboard in Resources */ = {isa = PBXBuildFile; fileRef = BD506A0628AD30F300AAA7CE /* Main.storyboard */; };
		BD506A0B28AD30F300AAA7CE /* TemporaryViewControllerPageTwo.xcdatamodeld in Sources */ = {isa = PBXBuildFile; fileRef = BD506A0928AD30F300AAA7CE /* TemporaryViewControllerPageTwo.xcdatamodeld */; };
		BD506A0D28AD30F400AAA7CE /* Assets.xcassets in Resources */ = {isa = PBXBuildFile; fileRef = BD506A0C28AD30F400AAA7CE /* Assets.xcassets */; };
		BD506A1028AD30F400AAA7CE /* LaunchScreen.storyboard in Resources */ = {isa = PBXBuildFile; fileRef = BD506A0E28AD30F400AAA7CE /* LaunchScreen.storyboard */; };
/* End PBXBuildFile section */

/* Begin PBXFileReference section */
		BD5069FD28AD30F300AAA7CE /* TemporaryViewControllerPageTwo.app */ = {isa = PBXFileReference; explicitFileType = wrapper.application; includeInIndex = 0; path = TemporaryViewControllerPageTwo.app; sourceTree = BUILT_PRODUCTS_DIR; };
		BD506A0028AD30F300AAA7CE /* AppDelegate.swift */ = {isa = PBXFileReference; lastKnownFileType = sourcecode.swift; path = AppDelegate.swift; sourceTree = "<group>"; };
		BD506A0228AD30F300AAA7CE /* SceneDelegate.swift */ = {isa = PBXFileReference; lastKnownFileType = sourcecode.swift; path = SceneDelegate.swift; sourceTree = "<group>"; };
		BD506A0428AD30F300AAA7CE /* ViewController.swift */ = {isa = PBXFileReference; lastKnownFileType = sourcecode.swift; path = ViewController.swift; sourceTree = "<group>"; };
		BD506A0728AD30F300AAA7CE /* Base */ = {isa = PBXFileReference; lastKnownFileType = file.storyboard; name = Base; path = Base.lproj/Main.storyboard; sourceTree = "<group>"; };
		BD506A0A28AD30F300AAA7CE /* TemporaryViewControllerPageTwo.xcdatamodel */ = {isa = PBXFileReference; lastKnownFileType = wrapper.xcdatamodel; path = TemporaryViewControllerPageTwo.xcdatamodel; sourceTree = "<group>"; };
		BD506A0C28AD30F400AAA7CE /* Assets.xcassets */ = {isa = PBXFileReference; lastKnownFileType = folder.assetcatalog; path = Assets.xcassets; sourceTree = "<group>"; };
		BD506A0F28AD30F400AAA7CE /* Base */ = {isa = PBXFileReference; lastKnownFileType = file.storyboard; name = Base; path = Base.lproj/LaunchScreen.storyboard; sourceTree = "<group>"; };
		BD506A1128AD30F400AAA7CE /* Info.plist */ = {isa = PBXFileReference; lastKnownFileType = text.plist.xml; path = Info.plist; sourceTree = "<group>"; };
/* End PBXFileReference section */

/* Begin PBXFrameworksBuildPhase section */
		BD5069FA28AD30F300AAA7CE /* Frameworks */ = {
			isa = PBXFrameworksBuildPhase;
			buildActionMask = 2147483647;
			files = (
			);
			runOnlyForDeploymentPostprocessing = 0;
		};
/* End PBXFrameworksBuildPhase section */

/* Begin PBXGroup section */
		BD5069F428AD30F200AAA7CE = {
			isa = PBXGroup;
			children = (
				BD5069FF28AD30F300AAA7CE /* TemporaryViewControllerPageTwo */,
				BD5069FE28AD30F300AAA7CE /* Products */,
			);
			sourceTree = "<group>";
		};
		BD5069FE28AD30F300AAA7CE /* Products */ = {
			isa = PBXGroup;
			children = (
				BD5069FD28AD30F300AAA7CE /* TemporaryViewControllerPageTwo.app */,
			);
			name = Products;
			sourceTree = "<group>";
		};
		BD5069FF28AD30F300AAA7CE /* TemporaryViewControllerPageTwo */ = {
			isa = PBXGroup;
			children = (
				BD506A0028AD30F300AAA7CE /* AppDelegate.swift */,
				BD506A0228AD30F300AAA7CE /* SceneDelegate.swift */,
				BD506A0428AD30F300AAA7CE /* ViewController.swift */,
				BD506A0628AD30F300AAA7CE /* Main.storyboard */,
				BD506A0C28AD30F400AAA7CE /* Assets.xcassets */,
				BD506A0E28AD30F400AAA7CE /* LaunchScreen.storyboard */,
				BD506A1128AD30F400AAA7CE /* Info.plist */,
				BD506A0928AD30F300AAA7CE /* TemporaryViewControllerPageTwo.xcdatamodeld */,
			);
			path = TemporaryViewControllerPageTwo;
			sourceTree = "<group>";
		};
/* End PBXGroup section */

/* Begin PBXNativeTarget section */
		BD5069FC28AD30F300AAA7CE /* TemporaryViewControllerPageTwo */ = {
			isa = PBXNativeTarget;
			buildConfigurationList = BD506A1428AD30F400AAA7CE /* Build configuration list for PBXNativeTarget "TemporaryViewControllerPageTwo" */;
			buildPhases = (
				BD5069F928AD30F300AAA7CE /* Sources */,
				BD5069FA28AD30F300AAA7CE /* Frameworks */,
				BD5069FB28AD30F300AAA7CE /* Resources */,
			);
			buildRules = (
			);
			dependencies = (
			);
			name = TemporaryViewControllerPageTwo;
			productName = TemporaryViewControllerPageTwo;
			productReference = BD5069FD28AD30F300AAA7CE /* TemporaryViewControllerPageTwo.app */;
			productType = "com.apple.product-type.application";
		};
/* End PBXNativeTarget section */

/* Begin PBXProject section */
		BD5069F528AD30F200AAA7CE /* Project object */ = {
			isa = PBXProject;
			attributes = {
				BuildIndependentTargetsInParallel = 1;
				LastSwiftUpdateCheck = 1340;
				LastUpgradeCheck = 1340;
				TargetAttributes = {
					BD5069FC28AD30F300AAA7CE = {
						CreatedOnToolsVersion = 13.4.1;
					};
				};
			};
			buildConfigurationList = BD5069F828AD30F200AAA7CE /* Build configuration list for PBXProject "TemporaryViewControllerPageTwo" */;
			compatibilityVersion = "Xcode 13.0";
			developmentRegion = en;
			hasScannedForEncodings = 0;
			knownRegions = (
				en,
				Base,
			);
			mainGroup = BD5069F428AD30F200AAA7CE;
			productRefGroup = BD5069FE28AD30F300AAA7CE /* Products */;
			projectDirPath = "";
			projectRoot = "";
			targets = (
				BD5069FC28AD30F300AAA7CE /* TemporaryViewControllerPageTwo */,
			);
		};
/* End PBXProject section */

/* Begin PBXResourcesBuildPhase section */
		BD5069FB28AD30F300AAA7CE /* Resources */ = {
			isa = PBXResourcesBuildPhase;
			buildActionMask = 2147483647;
			files = (
				BD506A1028AD30F400AAA7CE /* LaunchScreen.storyboard in Resources */,
				BD506A0D28AD30F400AAA7CE /* Assets.xcassets in Resources */,
				BD506A0828AD30F300AAA7CE /* Main.storyboard in Resources */,
			);
			runOnlyForDeploymentPostprocessing = 0;
		};
/* End PBXResourcesBuildPhase section */

/* Begin PBXSourcesBuildPhase section */
		BD5069F928AD30F300AAA7CE /* Sources */ = {
			isa = PBXSourcesBuildPhase;
			buildActionMask = 2147483647;
			files = (
				BD506A0B28AD30F300AAA7CE /* TemporaryViewControllerPageTwo.xcdatamodeld in Sources */,
				BD506A0528AD30F300AAA7CE /* ViewController.swift in Sources */,
				BD506A0128AD30F300AAA7CE /* AppDelegate.swift in Sources */,
				BD506A0328AD30F300AAA7CE /* SceneDelegate.swift in Sources */,
			);
			runOnlyForDeploymentPostprocessing = 0;
		};
/* End PBXSourcesBuildPhase section */

/* Begin PBXVariantGroup section */
		BD506A0628AD30F300AAA7CE /* Main.storyboard */ = {
			isa = PBXVariantGroup;
			children = (
				BD506A0728AD30F300AAA7CE /* Base */,
			);
			name = Main.storyboard;
			sourceTree = "<group>";
		};
		BD506A0E28AD30F400AAA7CE /* LaunchScreen.storyboard */ = {
			isa = PBXVariantGroup;
			children = (
				BD506A0F28AD30F400AAA7CE /* Base */,
			);
			name = LaunchScreen.storyboard;
			sourceTree = "<group>";
		};
/* End PBXVariantGroup section */

/* Begin XCBuildConfiguration section */
		BD506A1228AD30F400AAA7CE /* Debug */ = {
			isa = XCBuildConfiguration;
			buildSettings = {
				ALWAYS_SEARCH_USER_PATHS = NO;
				CLANG_ANALYZER_NONNULL = YES;
				CLANG_ANALYZER_NUMBER_OBJECT_CONVERSION = YES_AGGRESSIVE;
				CLANG_CXX_LANGUAGE_STANDARD = "gnu++17";
				CLANG_ENABLE_MODULES = YES;
				CLANG_ENABLE_OBJC_ARC = YES;
				CLANG_ENABLE_OBJC_WEAK = YES;
				CLANG_WARN_BLOCK_CAPTURE_AUTORELEASING = YES;
				CLANG_WARN_BOOL_CONVERSION = YES;
				CLANG_WARN_COMMA = YES;
				CLANG_WARN_CONSTANT_CONVERSION = YES;
				CLANG_WARN_DEPRECATED_OBJC_IMPLEMENTATIONS = YES;
				CLANG_WARN_DIRECT_OBJC_ISA_USAGE = YES_ERROR;
				CLANG_WARN_DOCUMENTATION_COMMENTS = YES;
				CLANG_WARN_EMPTY_BODY = YES;
				CLANG_WARN_ENUM_CONVERSION = YES;
				CLANG_WARN_INFINITE_RECURSION = YES;
				CLANG_WARN_INT_CONVERSION = YES;
				CLANG_WARN_NON_LITERAL_NULL_CONVERSION = YES;
				CLANG_WARN_OBJC_IMPLICIT_RETAIN_SELF = YES;
				CLANG_WARN_OBJC_LITERAL_CONVERSION = YES;
				CLANG_WARN_OBJC_ROOT_CLASS = YES_ERROR;
				CLANG_WARN_QUOTED_INCLUDE_IN_FRAMEWORK_HEADER = YES;
				CLANG_WARN_RANGE_LOOP_ANALYSIS = YES;
				CLANG_WARN_STRICT_PROTOTYPES = YES;
				CLANG_WARN_SUSPICIOUS_MOVE = YES;
				CLANG_WARN_UNGUARDED_AVAILABILITY = YES_AGGRESSIVE;
				CLANG_WARN_UNREACHABLE_CODE = YES;
				CLANG_WARN__DUPLICATE_METHOD_MATCH = YES;
				COPY_PHASE_STRIP = NO;
				DEBUG_INFORMATION_FORMAT = dwarf;
				ENABLE_STRICT_OBJC_MSGSEND = YES;
				ENABLE_TESTABILITY = YES;
				GCC_C_LANGUAGE_STANDARD = gnu11;
				GCC_DYNAMIC_NO_PIC = NO;
				GCC_NO_COMMON_BLOCKS = YES;
				GCC_OPTIMIZATION_LEVEL = 0;
				GCC_PREPROCESSOR_DEFINITIONS = (
					"DEBUG=1",
					"$(inherited)",
				);
				GCC_WARN_64_TO_32_BIT_CONVERSION = YES;
				GCC_WARN_ABOUT_RETURN_TYPE = YES_ERROR;
				GCC_WARN_UNDECLARED_SELECTOR = YES;
				GCC_WARN_UNINITIALIZED_AUTOS = YES_AGGRESSIVE;
				GCC_WARN_UNUSED_FUNCTION = YES;
				GCC_WARN_UNUSED_VARIABLE = YES;
				IPHONEOS_DEPLOYMENT_TARGET = 15.5;
				MTL_ENABLE_DEBUG_INFO = INCLUDE_SOURCE;
				MTL_FAST_MATH = YES;
				ONLY_ACTIVE_ARCH = YES;
				SDKROOT = iphoneos;
				SWIFT_ACTIVE_COMPILATION_CONDITIONS = DEBUG;
				SWIFT_OPTIMIZATION_LEVEL = "-Onone";
			};
			name = Debug;
		};
		BD506A1328AD30F400AAA7CE /* Release */ = {
			isa = XCBuildConfiguration;
			buildSettings = {
				ALWAYS_SEARCH_USER_PATHS = NO;
				CLANG_ANALYZER_NONNULL = YES;
				CLANG_ANALYZER_NUMBER_OBJECT_CONVERSION = YES_AGGRESSIVE;
				CLANG_CXX_LANGUAGE_STANDARD = "gnu++17";
				CLANG_ENABLE_MODULES = YES;
				CLANG_ENABLE_OBJC_ARC = YES;
				CLANG_ENABLE_OBJC_WEAK = YES;
				CLANG_WARN_BLOCK_CAPTURE_AUTORELEASING = YES;
				CLANG_WARN_BOOL_CONVERSION = YES;
				CLANG_WARN_COMMA = YES;
				CLANG_WARN_CONSTANT_CONVERSION = YES;
				CLANG_WARN_DEPRECATED_OBJC_IMPLEMENTATIONS = YES;
				CLANG_WARN_DIRECT_OBJC_ISA_USAGE = YES_ERROR;
				CLANG_WARN_DOCUMENTATION_COMMENTS = YES;
				CLANG_WARN_EMPTY_BODY = YES;
				CLANG_WARN_ENUM_CONVERSION = YES;
				CLANG_WARN_INFINITE_RECURSION = YES;
				CLANG_WARN_INT_CONVERSION = YES;
				CLANG_WARN_NON_LITERAL_NULL_CONVERSION = YES;
				CLANG_WARN_OBJC_IMPLICIT_RETAIN_SELF = YES;
				CLANG_WARN_OBJC_LITERAL_CONVERSION = YES;
				CLANG_WARN_OBJC_ROOT_CLASS = YES_ERROR;
				CLANG_WARN_QUOTED_INCLUDE_IN_FRAMEWORK_HEADER = YES;
				CLANG_WARN_RANGE_LOOP_ANALYSIS = YES;
				CLANG_WARN_STRICT_PROTOTYPES = YES;
				CLANG_WARN_SUSPICIOUS_MOVE = YES;
				CLANG_WARN_UNGUARDED_AVAILABILITY = YES_AGGRESSIVE;
				CLANG_WARN_UNREACHABLE_CODE = YES;
				CLANG_WARN__DUPLICATE_METHOD_MATCH = YES;
				COPY_PHASE_STRIP = NO;
				DEBUG_INFORMATION_FORMAT = "dwarf-with-dsym";
				ENABLE_NS_ASSERTIONS = NO;
				ENABLE_STRICT_OBJC_MSGSEND = YES;
				GCC_C_LANGUAGE_STANDARD = gnu11;
				GCC_NO_COMMON_BLOCKS = YES;
				GCC_WARN_64_TO_32_BIT_CONVERSION = YES;
				GCC_WARN_ABOUT_RETURN_TYPE = YES_ERROR;
				GCC_WARN_UNDECLARED_SELECTOR = YES;
				GCC_WARN_UNINITIALIZED_AUTOS = YES_AGGRESSIVE;
				GCC_WARN_UNUSED_FUNCTION = YES;
				GCC_WARN_UNUSED_VARIABLE = YES;
				IPHONEOS_DEPLOYMENT_TARGET = 15.5;
				MTL_ENABLE_DEBUG_INFO = NO;
				MTL_FAST_MATH = YES;
				SDKROOT = iphoneos;
				SWIFT_COMPILATION_MODE = wholemodule;
				SWIFT_OPTIMIZATION_LEVEL = "-O";
				VALIDATE_PRODUCT = YES;
			};
			name = Release;
		};
		BD506A1528AD30F400AAA7CE /* Debug */ = {
			isa = XCBuildConfiguration;
			buildSettings = {
				ASSETCATALOG_COMPILER_APPICON_NAME = AppIcon;
				ASSETCATALOG_COMPILER_GLOBAL_ACCENT_COLOR_NAME = AccentColor;
				CODE_SIGN_STYLE = Automatic;
				CURRENT_PROJECT_VERSION = 1;
				DEVELOPMENT_TEAM = BLNM7794BY;
				GENERATE_INFOPLIST_FILE = YES;
				INFOPLIST_FILE = TemporaryViewControllerPageTwo/Info.plist;
				INFOPLIST_KEY_UIApplicationSupportsIndirectInputEvents = YES;
				INFOPLIST_KEY_UILaunchStoryboardName = LaunchScreen;
				INFOPLIST_KEY_UIMainStoryboardFile = Main;
				INFOPLIST_KEY_UISupportedInterfaceOrientations_iPad = "UIInterfaceOrientationPortrait UIInterfaceOrientationPortraitUpsideDown UIInterfaceOrientationLandscapeLeft UIInterfaceOrientationLandscapeRight";
				INFOPLIST_KEY_UISupportedInterfaceOrientations_iPhone = "UIInterfaceOrientationPortrait UIInterfaceOrientationLandscapeLeft UIInterfaceOrientationLandscapeRight";
				LD_RUNPATH_SEARCH_PATHS = (
					"$(inherited)",
					"@executable_path/Frameworks",
				);
				MARKETING_VERSION = 1.0;
				PRODUCT_BUNDLE_IDENTIFIER = kwkanika.TemporaryViewControllerPageTwo;
				PRODUCT_NAME = "$(TARGET_NAME)";
				SWIFT_EMIT_LOC_STRINGS = YES;
				SWIFT_VERSION = 5.0;
				TARGETED_DEVICE_FAMILY = "1,2";
			};
			name = Debug;
		};
		BD506A1628AD30F400AAA7CE /* Release */ = {
			isa = XCBuildConfiguration;
			buildSettings = {
				ASSETCATALOG_COMPILER_APPICON_NAME = AppIcon;
				ASSETCATALOG_COMPILER_GLOBAL_ACCENT_COLOR_NAME = AccentColor;
				CODE_SIGN_STYLE = Automatic;
				CURRENT_PROJECT_VERSION = 1;
				DEVELOPMENT_TEAM = BLNM7794BY;
				GENERATE_INFOPLIST_FILE = YES;
				INFOPLIST_FILE = TemporaryViewControllerPageTwo/Info.plist;
				INFOPLIST_KEY_UIApplicationSupportsIndirectInputEvents = YES;
				INFOPLIST_KEY_UILaunchStoryboardName = LaunchScreen;
				INFOPLIST_KEY_UIMainStoryboardFile = Main;
				INFOPLIST_KEY_UISupportedInterfaceOrientations_iPad = "UIInterfaceOrientationPortrait UIInterfaceOrientationPortraitUpsideDown UIInterfaceOrientationLandscapeLeft UIInterfaceOrientationLandscapeRight";
				INFOPLIST_KEY_UISupportedInterfaceOrientations_iPhone = "UIInterfaceOrientationPortrait UIInterfaceOrientationLandscapeLeft UIInterfaceOrientationLandscapeRight";
				LD_RUNPATH_SEARCH_PATHS = (
					"$(inherited)",
					"@executable_path/Frameworks",
				);
				MARKETING_VERSION = 1.0;
				PRODUCT_BUNDLE_IDENTIFIER = kwkanika.TemporaryViewControllerPageTwo;
				PRODUCT_NAME = "$(TARGET_NAME)";
				SWIFT_EMIT_LOC_STRINGS = YES;
				SWIFT_VERSION = 5.0;
				TARGETED_DEVICE_FAMILY = "1,2";
			};
			name = Release;
		};
/* End XCBuildConfiguration section */

/* Begin XCConfigurationList section */
		BD5069F828AD30F200AAA7CE /* Build configuration list for PBXProject "TemporaryViewControllerPageTwo" */ = {
			isa = XCConfigurationList;
			buildConfigurations = (
				BD506A1228AD30F400AAA7CE /* Debug */,
				BD506A1328AD30F400AAA7CE /* Release */,
			);
			defaultConfigurationIsVisible = 0;
			defaultConfigurationName = Release;
		};
		BD506A1428AD30F400AAA7CE /* Build configuration list for PBXNativeTarget "TemporaryViewControllerPageTwo" */ = {
			isa = XCConfigurationList;
			buildConfigurations = (
				BD506A1528AD30F400AAA7CE /* Debug */,
				BD506A1628AD30F400AAA7CE /* Release */,
			);
			defaultConfigurationIsVisible = 0;
			defaultConfigurationName = Release;
		};
/* End XCConfigurationList section */

/* Begin XCVersionGroup section */
		BD506A0928AD30F300AAA7CE /* TemporaryViewControllerPageTwo.xcdatamodeld */ = {
			isa = XCVersionGroup;
			children = (
				BD506A0A28AD30F300AAA7CE /* TemporaryViewControllerPageTwo.xcdatamodel */,
			);
			currentVersion = BD506A0A28AD30F300AAA7CE /* TemporaryViewControllerPageTwo.xcdatamodel */;
			path = TemporaryViewControllerPageTwo.xcdatamodeld;
			sourceTree = "<group>";
			versionGroupType = wrapper.xcdatamodel;
		};
/* End XCVersionGroup section */
	};
	rootObject = BD5069F528AD30F200AAA7CE /* Project object */;
}
